// !$*UTF8*$!
{
	archiveVersion = 1;
	classes = {
	};
	objectVersion = 55;
	objects = {

/* Begin PBXBuildFile section */
		7F4A800628C5FA8B0049E3EC /* EndGameView.swift in Sources */ = {isa = PBXBuildFile; fileRef = 7F4A800528C5FA8B0049E3EC /* EndGameView.swift */; };
		7F4A800928C635490049E3EC /* click.mp3 in Resources */ = {isa = PBXBuildFile; fileRef = 7F4A800828C635490049E3EC /* click.mp3 */; };
		7F4A800B28C635A10049E3EC /* tada.mp3 in Resources */ = {isa = PBXBuildFile; fileRef = 7F4A800A28C635A10049E3EC /* tada.mp3 */; };
		7F4A800D28C638180049E3EC /* SoundManager.swift in Sources */ = {isa = PBXBuildFile; fileRef = 7F4A800C28C638180049E3EC /* SoundManager.swift */; };
		7F4A800F28C6391F0049E3EC /* boing.mp3 in Resources */ = {isa = PBXBuildFile; fileRef = 7F4A800E28C6391F0049E3EC /* boing.mp3 */; };
		7F4A801128C63D100049E3EC /* hit.mp3 in Resources */ = {isa = PBXBuildFile; fileRef = 7F4A801028C63D100049E3EC /* hit.mp3 */; };
		7F75732128C124FF00B2EB2B /* ShutTheBoxApp.swift in Sources */ = {isa = PBXBuildFile; fileRef = 7F75732028C124FF00B2EB2B /* ShutTheBoxApp.swift */; };
		7F75732328C124FF00B2EB2B /* ContentView.swift in Sources */ = {isa = PBXBuildFile; fileRef = 7F75732228C124FF00B2EB2B /* ContentView.swift */; };
		7F75732528C1250300B2EB2B /* Assets.xcassets in Resources */ = {isa = PBXBuildFile; fileRef = 7F75732428C1250300B2EB2B /* Assets.xcassets */; };
		7F75732828C1250300B2EB2B /* Preview Assets.xcassets in Resources */ = {isa = PBXBuildFile; fileRef = 7F75732728C1250300B2EB2B /* Preview Assets.xcassets */; };
		7FEC221628C32F8900629B47 /* PlayerView.swift in Sources */ = {isa = PBXBuildFile; fileRef = 7FEC221528C32F8900629B47 /* PlayerView.swift */; };
		7FEC221828C333C900629B47 /* GameView.swift in Sources */ = {isa = PBXBuildFile; fileRef = 7FEC221728C333C900629B47 /* GameView.swift */; };
		7FFFD78F28C24D04007DE842 /* StoneView.swift in Sources */ = {isa = PBXBuildFile; fileRef = 7FFFD78E28C24D04007DE842 /* StoneView.swift */; };
		7FFFD79128C24D45007DE842 /* DiceView.swift in Sources */ = {isa = PBXBuildFile; fileRef = 7FFFD79028C24D45007DE842 /* DiceView.swift */; };
		7FFFD79428C24EC1007DE842 /* Extensions.swift in Sources */ = {isa = PBXBuildFile; fileRef = 7FFFD79328C24EC1007DE842 /* Extensions.swift */; };
/* End PBXBuildFile section */

/* Begin PBXFileReference section */
		7F4A800528C5FA8B0049E3EC /* EndGameView.swift */ = {isa = PBXFileReference; lastKnownFileType = sourcecode.swift; path = EndGameView.swift; sourceTree = "<group>"; };
		7F4A800828C635490049E3EC /* click.mp3 */ = {isa = PBXFileReference; lastKnownFileType = audio.mp3; path = click.mp3; sourceTree = "<group>"; };
		7F4A800A28C635A10049E3EC /* tada.mp3 */ = {isa = PBXFileReference; lastKnownFileType = audio.mp3; path = tada.mp3; sourceTree = "<group>"; };
		7F4A800C28C638180049E3EC /* SoundManager.swift */ = {isa = PBXFileReference; lastKnownFileType = sourcecode.swift; path = SoundManager.swift; sourceTree = "<group>"; };
		7F4A800E28C6391F0049E3EC /* boing.mp3 */ = {isa = PBXFileReference; lastKnownFileType = audio.mp3; path = boing.mp3; sourceTree = "<group>"; };
		7F4A801028C63D100049E3EC /* hit.mp3 */ = {isa = PBXFileReference; lastKnownFileType = audio.mp3; path = hit.mp3; sourceTree = "<group>"; };
		7F75731D28C124FF00B2EB2B /* ShutTheBox.app */ = {isa = PBXFileReference; explicitFileType = wrapper.application; includeInIndex = 0; path = ShutTheBox.app; sourceTree = BUILT_PRODUCTS_DIR; };
		7F75732028C124FF00B2EB2B /* ShutTheBoxApp.swift */ = {isa = PBXFileReference; lastKnownFileType = sourcecode.swift; path = ShutTheBoxApp.swift; sourceTree = "<group>"; };
		7F75732228C124FF00B2EB2B /* ContentView.swift */ = {isa = PBXFileReference; lastKnownFileType = sourcecode.swift; path = ContentView.swift; sourceTree = "<group>"; };
		7F75732428C1250300B2EB2B /* Assets.xcassets */ = {isa = PBXFileReference; lastKnownFileType = folder.assetcatalog; path = Assets.xcassets; sourceTree = "<group>"; };
		7F75732728C1250300B2EB2B /* Preview Assets.xcassets */ = {isa = PBXFileReference; lastKnownFileType = folder.assetcatalog; path = "Preview Assets.xcassets"; sourceTree = "<group>"; };
		7FEC221528C32F8900629B47 /* PlayerView.swift */ = {isa = PBXFileReference; lastKnownFileType = sourcecode.swift; path = PlayerView.swift; sourceTree = "<group>"; };
		7FEC221728C333C900629B47 /* GameView.swift */ = {isa = PBXFileReference; lastKnownFileType = sourcecode.swift; path = GameView.swift; sourceTree = "<group>"; };
		7FFFD78E28C24D04007DE842 /* StoneView.swift */ = {isa = PBXFileReference; lastKnownFileType = sourcecode.swift; path = StoneView.swift; sourceTree = "<group>"; };
		7FFFD79028C24D45007DE842 /* DiceView.swift */ = {isa = PBXFileReference; lastKnownFileType = sourcecode.swift; path = DiceView.swift; sourceTree = "<group>"; };
		7FFFD79328C24EC1007DE842 /* Extensions.swift */ = {isa = PBXFileReference; lastKnownFileType = sourcecode.swift; path = Extensions.swift; sourceTree = "<group>"; };
/* End PBXFileReference section */

/* Begin PBXFrameworksBuildPhase section */
		7F75731A28C124FF00B2EB2B /* Frameworks */ = {
			isa = PBXFrameworksBuildPhase;
			buildActionMask = 2147483647;
			files = (
			);
			runOnlyForDeploymentPostprocessing = 0;
		};
/* End PBXFrameworksBuildPhase section */

/* Begin PBXGroup section */
		7F4A800728C635220049E3EC /* Sounds */ = {
			isa = PBXGroup;
			children = (
				7F4A801028C63D100049E3EC /* hit.mp3 */,
				7F4A800A28C635A10049E3EC /* tada.mp3 */,
				7F4A800E28C6391F0049E3EC /* boing.mp3 */,
				7F4A800828C635490049E3EC /* click.mp3 */,
			);
			path = Sounds;
			sourceTree = "<group>";
		};
		7F75731428C124FF00B2EB2B = {
			isa = PBXGroup;
			children = (
				7F75731F28C124FF00B2EB2B /* ShutTheBox */,
				7F75731E28C124FF00B2EB2B /* Products */,
			);
			sourceTree = "<group>";
		};
		7F75731E28C124FF00B2EB2B /* Products */ = {
			isa = PBXGroup;
			children = (
				7F75731D28C124FF00B2EB2B /* ShutTheBox.app */,
			);
			name = Products;
			sourceTree = "<group>";
		};
		7F75731F28C124FF00B2EB2B /* ShutTheBox */ = {
			isa = PBXGroup;
			children = (
				7F4A800728C635220049E3EC /* Sounds */,
				7FFFD79228C24E5E007DE842 /* Extensions */,
				7FFFD78D28C24C82007DE842 /* Views */,
				7F75732028C124FF00B2EB2B /* ShutTheBoxApp.swift */,
				7F75732228C124FF00B2EB2B /* ContentView.swift */,
				7F75732428C1250300B2EB2B /* Assets.xcassets */,
				7F75732628C1250300B2EB2B /* Preview Content */,
			);
			path = ShutTheBox;
			sourceTree = "<group>";
		};
		7F75732628C1250300B2EB2B /* Preview Content */ = {
			isa = PBXGroup;
			children = (
				7F75732728C1250300B2EB2B /* Preview Assets.xcassets */,
			);
			path = "Preview Content";
			sourceTree = "<group>";
		};
		7FFFD78D28C24C82007DE842 /* Views */ = {
			isa = PBXGroup;
			children = (
				7FFFD78E28C24D04007DE842 /* StoneView.swift */,
				7FFFD79028C24D45007DE842 /* DiceView.swift */,
				7FEC221528C32F8900629B47 /* PlayerView.swift */,
				7FEC221728C333C900629B47 /* GameView.swift */,
				7F4A800528C5FA8B0049E3EC /* EndGameView.swift */,
			);
			path = Views;
			sourceTree = "<group>";
		};
		7FFFD79228C24E5E007DE842 /* Extensions */ = {
			isa = PBXGroup;
			children = (
				7FFFD79328C24EC1007DE842 /* Extensions.swift */,
				7F4A800C28C638180049E3EC /* SoundManager.swift */,
			);
			path = Extensions;
			sourceTree = "<group>";
		};
/* End PBXGroup section */

/* Begin PBXNativeTarget section */
		7F75731C28C124FF00B2EB2B /* ShutTheBox */ = {
			isa = PBXNativeTarget;
			buildConfigurationList = 7F75732B28C1250300B2EB2B /* Build configuration list for PBXNativeTarget "ShutTheBox" */;
			buildPhases = (
				7F75731928C124FF00B2EB2B /* Sources */,
				7F75731A28C124FF00B2EB2B /* Frameworks */,
				7F75731B28C124FF00B2EB2B /* Resources */,
			);
			buildRules = (
			);
			dependencies = (
			);
			name = ShutTheBox;
			productName = ShutTheBox;
			productReference = 7F75731D28C124FF00B2EB2B /* ShutTheBox.app */;
			productType = "com.apple.product-type.application";
		};
/* End PBXNativeTarget section */

/* Begin PBXProject section */
		7F75731528C124FF00B2EB2B /* Project object */ = {
			isa = PBXProject;
			attributes = {
				BuildIndependentTargetsInParallel = 1;
				LastSwiftUpdateCheck = 1330;
				LastUpgradeCheck = 1330;
				TargetAttributes = {
					7F75731C28C124FF00B2EB2B = {
						CreatedOnToolsVersion = 13.3;
					};
				};
			};
			buildConfigurationList = 7F75731828C124FF00B2EB2B /* Build configuration list for PBXProject "ShutTheBox" */;
			compatibilityVersion = "Xcode 13.0";
			developmentRegion = en;
			hasScannedForEncodings = 0;
			knownRegions = (
				en,
				Base,
			);
			mainGroup = 7F75731428C124FF00B2EB2B;
			productRefGroup = 7F75731E28C124FF00B2EB2B /* Products */;
			projectDirPath = "";
			projectRoot = "";
			targets = (
				7F75731C28C124FF00B2EB2B /* ShutTheBox */,
			);
		};
/* End PBXProject section */

/* Begin PBXResourcesBuildPhase section */
		7F75731B28C124FF00B2EB2B /* Resources */ = {
			isa = PBXResourcesBuildPhase;
			buildActionMask = 2147483647;
			files = (
				7F4A800B28C635A10049E3EC /* tada.mp3 in Resources */,
				7F75732828C1250300B2EB2B /* Preview Assets.xcassets in Resources */,
				7F75732528C1250300B2EB2B /* Assets.xcassets in Resources */,
				7F4A801128C63D100049E3EC /* hit.mp3 in Resources */,
				7F4A800F28C6391F0049E3EC /* boing.mp3 in Resources */,
				7F4A800928C635490049E3EC /* click.mp3 in Resources */,
			);
			runOnlyForDeploymentPostprocessing = 0;
		};
/* End PBXResourcesBuildPhase section */

/* Begin PBXSourcesBuildPhase section */
		7F75731928C124FF00B2EB2B /* Sources */ = {
			isa = PBXSourcesBuildPhase;
			buildActionMask = 2147483647;
			files = (
				7F4A800628C5FA8B0049E3EC /* EndGameView.swift in Sources */,
				7FFFD79428C24EC1007DE842 /* Extensions.swift in Sources */,
				7F75732328C124FF00B2EB2B /* ContentView.swift in Sources */,
				7FFFD79128C24D45007DE842 /* DiceView.swift in Sources */,
				7FEC221628C32F8900629B47 /* PlayerView.swift in Sources */,
				7FFFD78F28C24D04007DE842 /* StoneView.swift in Sources */,
				7F75732128C124FF00B2EB2B /* ShutTheBoxApp.swift in Sources */,
				7FEC221828C333C900629B47 /* GameView.swift in Sources */,
				7F4A800D28C638180049E3EC /* SoundManager.swift in Sources */,
			);
			runOnlyForDeploymentPostprocessing = 0;
		};
/* End PBXSourcesBuildPhase section */

/* Begin XCBuildConfiguration section */
		7F75732928C1250300B2EB2B /* Debug */ = {
			isa = XCBuildConfiguration;
			buildSettings = {
				ALWAYS_SEARCH_USER_PATHS = NO;
				CLANG_ANALYZER_NONNULL = YES;
				CLANG_ANALYZER_NUMBER_OBJECT_CONVERSION = YES_AGGRESSIVE;
				CLANG_CXX_LANGUAGE_STANDARD = "gnu++17";
				CLANG_ENABLE_MODULES = YES;
				CLANG_ENABLE_OBJC_ARC = YES;
				CLANG_ENABLE_OBJC_WEAK = YES;
				CLANG_WARN_BLOCK_CAPTURE_AUTORELEASING = YES;
				CLANG_WARN_BOOL_CONVERSION = YES;
				CLANG_WARN_COMMA = YES;
				CLANG_WARN_CONSTANT_CONVERSION = YES;
				CLANG_WARN_DEPRECATED_OBJC_IMPLEMENTATIONS = YES;
				CLANG_WARN_DIRECT_OBJC_ISA_USAGE = YES_ERROR;
				CLANG_WARN_DOCUMENTATION_COMMENTS = YES;
				CLANG_WARN_EMPTY_BODY = YES;
				CLANG_WARN_ENUM_CONVERSION = YES;
				CLANG_WARN_INFINITE_RECURSION = YES;
				CLANG_WARN_INT_CONVERSION = YES;
				CLANG_WARN_NON_LITERAL_NULL_CONVERSION = YES;
				CLANG_WARN_OBJC_IMPLICIT_RETAIN_SELF = YES;
				CLANG_WARN_OBJC_LITERAL_CONVERSION = YES;
				CLANG_WARN_OBJC_ROOT_CLASS = YES_ERROR;
				CLANG_WARN_QUOTED_INCLUDE_IN_FRAMEWORK_HEADER = YES;
				CLANG_WARN_RANGE_LOOP_ANALYSIS = YES;
				CLANG_WARN_STRICT_PROTOTYPES = YES;
				CLANG_WARN_SUSPICIOUS_MOVE = YES;
				CLANG_WARN_UNGUARDED_AVAILABILITY = YES_AGGRESSIVE;
				CLANG_WARN_UNREACHABLE_CODE = YES;
				CLANG_WARN__DUPLICATE_METHOD_MATCH = YES;
				COPY_PHASE_STRIP = NO;
				DEBUG_INFORMATION_FORMAT = dwarf;
				ENABLE_STRICT_OBJC_MSGSEND = YES;
				ENABLE_TESTABILITY = YES;
				GCC_C_LANGUAGE_STANDARD = gnu11;
				GCC_DYNAMIC_NO_PIC = NO;
				GCC_NO_COMMON_BLOCKS = YES;
				GCC_OPTIMIZATION_LEVEL = 0;
				GCC_PREPROCESSOR_DEFINITIONS = (
					"DEBUG=1",
					"$(inherited)",
				);
				GCC_WARN_64_TO_32_BIT_CONVERSION = YES;
				GCC_WARN_ABOUT_RETURN_TYPE = YES_ERROR;
				GCC_WARN_UNDECLARED_SELECTOR = YES;
				GCC_WARN_UNINITIALIZED_AUTOS = YES_AGGRESSIVE;
				GCC_WARN_UNUSED_FUNCTION = YES;
				GCC_WARN_UNUSED_VARIABLE = YES;
				IPHONEOS_DEPLOYMENT_TARGET = 15.4;
				MTL_ENABLE_DEBUG_INFO = INCLUDE_SOURCE;
				MTL_FAST_MATH = YES;
				ONLY_ACTIVE_ARCH = YES;
				SDKROOT = iphoneos;
				SWIFT_ACTIVE_COMPILATION_CONDITIONS = DEBUG;
				SWIFT_OPTIMIZATION_LEVEL = "-Onone";
			};
			name = Debug;
		};
		7F75732A28C1250300B2EB2B /* Release */ = {
			isa = XCBuildConfiguration;
			buildSettings = {
				ALWAYS_SEARCH_USER_PATHS = NO;
				CLANG_ANALYZER_NONNULL = YES;
				CLANG_ANALYZER_NUMBER_OBJECT_CONVERSION = YES_AGGRESSIVE;
				CLANG_CXX_LANGUAGE_STANDARD = "gnu++17";
				CLANG_ENABLE_MODULES = YES;
				CLANG_ENABLE_OBJC_ARC = YES;
				CLANG_ENABLE_OBJC_WEAK = YES;
				CLANG_WARN_BLOCK_CAPTURE_AUTORELEASING = YES;
				CLANG_WARN_BOOL_CONVERSION = YES;
				CLANG_WARN_COMMA = YES;
				CLANG_WARN_CONSTANT_CONVERSION = YES;
				CLANG_WARN_DEPRECATED_OBJC_IMPLEMENTATIONS = YES;
				CLANG_WARN_DIRECT_OBJC_ISA_USAGE = YES_ERROR;
				CLANG_WARN_DOCUMENTATION_COMMENTS = YES;
				CLANG_WARN_EMPTY_BODY = YES;
				CLANG_WARN_ENUM_CONVERSION = YES;
				CLANG_WARN_INFINITE_RECURSION = YES;
				CLANG_WARN_INT_CONVERSION = YES;
				CLANG_WARN_NON_LITERAL_NULL_CONVERSION = YES;
				CLANG_WARN_OBJC_IMPLICIT_RETAIN_SELF = YES;
				CLANG_WARN_OBJC_LITERAL_CONVERSION = YES;
				CLANG_WARN_OBJC_ROOT_CLASS = YES_ERROR;
				CLANG_WARN_QUOTED_INCLUDE_IN_FRAMEWORK_HEADER = YES;
				CLANG_WARN_RANGE_LOOP_ANALYSIS = YES;
				CLANG_WARN_STRICT_PROTOTYPES = YES;
				CLANG_WARN_SUSPICIOUS_MOVE = YES;
				CLANG_WARN_UNGUARDED_AVAILABILITY = YES_AGGRESSIVE;
				CLANG_WARN_UNREACHABLE_CODE = YES;
				CLANG_WARN__DUPLICATE_METHOD_MATCH = YES;
				COPY_PHASE_STRIP = NO;
				DEBUG_INFORMATION_FORMAT = "dwarf-with-dsym";
				ENABLE_NS_ASSERTIONS = NO;
				ENABLE_STRICT_OBJC_MSGSEND = YES;
				GCC_C_LANGUAGE_STANDARD = gnu11;
				GCC_NO_COMMON_BLOCKS = YES;
				GCC_WARN_64_TO_32_BIT_CONVERSION = YES;
				GCC_WARN_ABOUT_RETURN_TYPE = YES_ERROR;
				GCC_WARN_UNDECLARED_SELECTOR = YES;
				GCC_WARN_UNINITIALIZED_AUTOS = YES_AGGRESSIVE;
				GCC_WARN_UNUSED_FUNCTION = YES;
				GCC_WARN_UNUSED_VARIABLE = YES;
				IPHONEOS_DEPLOYMENT_TARGET = 15.4;
				MTL_ENABLE_DEBUG_INFO = NO;
				MTL_FAST_MATH = YES;
				SDKROOT = iphoneos;
				SWIFT_COMPILATION_MODE = wholemodule;
				SWIFT_OPTIMIZATION_LEVEL = "-O";
				VALIDATE_PRODUCT = YES;
			};
			name = Release;
		};
		7F75732C28C1250300B2EB2B /* Debug */ = {
			isa = XCBuildConfiguration;
			buildSettings = {
				ASSETCATALOG_COMPILER_APPICON_NAME = AppIcon;
				ASSETCATALOG_COMPILER_GLOBAL_ACCENT_COLOR_NAME = AccentColor;
				CODE_SIGN_STYLE = Automatic;
				CURRENT_PROJECT_VERSION = 1;
				DEVELOPMENT_ASSET_PATHS = "\"ShutTheBox/Preview Content\"";
				DEVELOPMENT_TEAM = PG9S8XJGY8;
				ENABLE_PREVIEWS = YES;
				GENERATE_INFOPLIST_FILE = YES;
				INFOPLIST_KEY_UIApplicationSceneManifest_Generation = YES;
				INFOPLIST_KEY_UIApplicationSupportsIndirectInputEvents = YES;
				INFOPLIST_KEY_UILaunchScreen_Generation = YES;
				INFOPLIST_KEY_UISupportedInterfaceOrientations = UIInterfaceOrientationLandscapeLeft;
				INFOPLIST_KEY_UISupportedInterfaceOrientations_iPad = "UIInterfaceOrientationPortrait UIInterfaceOrientationPortraitUpsideDown UIInterfaceOrientationLandscapeLeft UIInterfaceOrientationLandscapeRight";
				INFOPLIST_KEY_UISupportedInterfaceOrientations_iPhone = "UIInterfaceOrientationPortrait UIInterfaceOrientationLandscapeLeft UIInterfaceOrientationLandscapeRight";
				LD_RUNPATH_SEARCH_PATHS = (
					"$(inherited)",
					"@executable_path/Frameworks",
				);
				MARKETING_VERSION = 1.0;
				PRODUCT_BUNDLE_IDENTIFIER = ibrahim.ShutTheBox;
				PRODUCT_NAME = "$(TARGET_NAME)";
				SWIFT_EMIT_LOC_STRINGS = YES;
				SWIFT_VERSION = 5.0;
				TARGETED_DEVICE_FAMILY = "1,2";
			};
			name = Debug;
		};
		7F75732D28C1250300B2EB2B /* Release */ = {
			isa = XCBuildConfiguration;
			buildSettings = {
				ASSETCATALOG_COMPILER_APPICON_NAME = AppIcon;
				ASSETCATALOG_COMPILER_GLOBAL_ACCENT_COLOR_NAME = AccentColor;
				CODE_SIGN_STYLE = Automatic;
				CURRENT_PROJECT_VERSION = 1;
				DEVELOPMENT_ASSET_PATHS = "\"ShutTheBox/Preview Content\"";
				DEVELOPMENT_TEAM = PG9S8XJGY8;
				ENABLE_PREVIEWS = YES;
				GENERATE_INFOPLIST_FILE = YES;
				INFOPLIST_KEY_UIApplicationSceneManifest_Generation = YES;
				INFOPLIST_KEY_UIApplicationSupportsIndirectInputEvents = YES;
				INFOPLIST_KEY_UILaunchScreen_Generation = YES;
				INFOPLIST_KEY_UISupportedInterfaceOrientations = UIInterfaceOrientationLandscapeLeft;
				INFOPLIST_KEY_UISupportedInterfaceOrientations_iPad = "UIInterfaceOrientationPortrait UIInterfaceOrientationPortraitUpsideDown UIInterfaceOrientationLandscapeLeft UIInterfaceOrientationLandscapeRight";
				INFOPLIST_KEY_UISupportedInterfaceOrientations_iPhone = "UIInterfaceOrientationPortrait UIInterfaceOrientationLandscapeLeft UIInterfaceOrientationLandscapeRight";
				LD_RUNPATH_SEARCH_PATHS = (
					"$(inherited)",
					"@executable_path/Frameworks",
				);
				MARKETING_VERSION = 1.0;
				PRODUCT_BUNDLE_IDENTIFIER = ibrahim.ShutTheBox;
				PRODUCT_NAME = "$(TARGET_NAME)";
				SWIFT_EMIT_LOC_STRINGS = YES;
				SWIFT_VERSION = 5.0;
				TARGETED_DEVICE_FAMILY = "1,2";
			};
			name = Release;
		};
/* End XCBuildConfiguration section */

/* Begin XCConfigurationList section */
		7F75731828C124FF00B2EB2B /* Build configuration list for PBXProject "ShutTheBox" */ = {
			isa = XCConfigurationList;
			buildConfigurations = (
				7F75732928C1250300B2EB2B /* Debug */,
				7F75732A28C1250300B2EB2B /* Release */,
			);
			defaultConfigurationIsVisible = 0;
			defaultConfigurationName = Release;
		};
		7F75732B28C1250300B2EB2B /* Build configuration list for PBXNativeTarget "ShutTheBox" */ = {
			isa = XCConfigurationList;
			buildConfigurations = (
				7F75732C28C1250300B2EB2B /* Debug */,
				7F75732D28C1250300B2EB2B /* Release */,
			);
			defaultConfigurationIsVisible = 0;
			defaultConfigurationName = Release;
		};
/* End XCConfigurationList section */
	};
	rootObject = 7F75731528C124FF00B2EB2B /* Project object */;
}
